// !$*UTF8*$!
{
	archiveVersion = 1;
	classes = {
	};
	objectVersion = 56;
	objects = {

/* Begin PBXBuildFile section */
		210D47462B9A4B5200A7E314 /* HotSeatApp.swift in Sources */ = {isa = PBXBuildFile; fileRef = 210D47452B9A4B5200A7E314 /* HotSeatApp.swift */; };
		210D47482B9A4B5200A7E314 /* ContentView.swift in Sources */ = {isa = PBXBuildFile; fileRef = 210D47472B9A4B5200A7E314 /* ContentView.swift */; };
		210D474A2B9A4B5400A7E314 /* Assets.xcassets in Resources */ = {isa = PBXBuildFile; fileRef = 210D47492B9A4B5400A7E314 /* Assets.xcassets */; };
		210D474E2B9A4B5400A7E314 /* Preview Assets.xcassets in Resources */ = {isa = PBXBuildFile; fileRef = 210D474D2B9A4B5400A7E314 /* Preview Assets.xcassets */; };
		210D47582B9A4B5500A7E314 /* HotSeatTests.swift in Sources */ = {isa = PBXBuildFile; fileRef = 210D47572B9A4B5500A7E314 /* HotSeatTests.swift */; };
		210D47622B9A4B5500A7E314 /* HotSeatUITests.swift in Sources */ = {isa = PBXBuildFile; fileRef = 210D47612B9A4B5500A7E314 /* HotSeatUITests.swift */; };
		210D47642B9A4B5500A7E314 /* HotSeatUITestsLaunchTests.swift in Sources */ = {isa = PBXBuildFile; fileRef = 210D47632B9A4B5500A7E314 /* HotSeatUITestsLaunchTests.swift */; };
/* End PBXBuildFile section */

/* Begin PBXContainerItemProxy section */
		210D47542B9A4B5500A7E314 /* PBXContainerItemProxy */ = {
			isa = PBXContainerItemProxy;
			containerPortal = 210D473A2B9A4B5200A7E314 /* Project object */;
			proxyType = 1;
			remoteGlobalIDString = 210D47412B9A4B5200A7E314;
			remoteInfo = HotSeat;
		};
		210D475E2B9A4B5500A7E314 /* PBXContainerItemProxy */ = {
			isa = PBXContainerItemProxy;
			containerPortal = 210D473A2B9A4B5200A7E314 /* Project object */;
			proxyType = 1;
			remoteGlobalIDString = 210D47412B9A4B5200A7E314;
			remoteInfo = HotSeat;
		};
/* End PBXContainerItemProxy section */

/* Begin PBXFileReference section */
		210D47422B9A4B5200A7E314 /* HotSeat.app */ = {isa = PBXFileReference; explicitFileType = wrapper.application; includeInIndex = 0; path = HotSeat.app; sourceTree = BUILT_PRODUCTS_DIR; };
		210D47452B9A4B5200A7E314 /* HotSeatApp.swift */ = {isa = PBXFileReference; lastKnownFileType = sourcecode.swift; path = HotSeatApp.swift; sourceTree = "<group>"; };
		210D47472B9A4B5200A7E314 /* ContentView.swift */ = {isa = PBXFileReference; lastKnownFileType = sourcecode.swift; path = ContentView.swift; sourceTree = "<group>"; };
		210D47492B9A4B5400A7E314 /* Assets.xcassets */ = {isa = PBXFileReference; lastKnownFileType = folder.assetcatalog; path = Assets.xcassets; sourceTree = "<group>"; };
		210D474B2B9A4B5400A7E314 /* HotSeat.entitlements */ = {isa = PBXFileReference; lastKnownFileType = text.plist.entitlements; path = HotSeat.entitlements; sourceTree = "<group>"; };
		210D474D2B9A4B5400A7E314 /* Preview Assets.xcassets */ = {isa = PBXFileReference; lastKnownFileType = folder.assetcatalog; path = "Preview Assets.xcassets"; sourceTree = "<group>"; };
		210D47532B9A4B5500A7E314 /* HotSeatTests.xctest */ = {isa = PBXFileReference; explicitFileType = wrapper.cfbundle; includeInIndex = 0; path = HotSeatTests.xctest; sourceTree = BUILT_PRODUCTS_DIR; };
		210D47572B9A4B5500A7E314 /* HotSeatTests.swift */ = {isa = PBXFileReference; lastKnownFileType = sourcecode.swift; path = HotSeatTests.swift; sourceTree = "<group>"; };
		210D475D2B9A4B5500A7E314 /* HotSeatUITests.xctest */ = {isa = PBXFileReference; explicitFileType = wrapper.cfbundle; includeInIndex = 0; path = HotSeatUITests.xctest; sourceTree = BUILT_PRODUCTS_DIR; };
		210D47612B9A4B5500A7E314 /* HotSeatUITests.swift */ = {isa = PBXFileReference; lastKnownFileType = sourcecode.swift; path = HotSeatUITests.swift; sourceTree = "<group>"; };
		210D47632B9A4B5500A7E314 /* HotSeatUITestsLaunchTests.swift */ = {isa = PBXFileReference; lastKnownFileType = sourcecode.swift; path = HotSeatUITestsLaunchTests.swift; sourceTree = "<group>"; };
/* End PBXFileReference section */

/* Begin PBXFrameworksBuildPhase section */
		210D473F2B9A4B5200A7E314 /* Frameworks */ = {
			isa = PBXFrameworksBuildPhase;
			buildActionMask = 2147483647;
			files = (
			);
			runOnlyForDeploymentPostprocessing = 0;
		};
		210D47502B9A4B5500A7E314 /* Frameworks */ = {
			isa = PBXFrameworksBuildPhase;
			buildActionMask = 2147483647;
			files = (
			);
			runOnlyForDeploymentPostprocessing = 0;
		};
		210D475A2B9A4B5500A7E314 /* Frameworks */ = {
			isa = PBXFrameworksBuildPhase;
			buildActionMask = 2147483647;
			files = (
			);
			runOnlyForDeploymentPostprocessing = 0;
		};
/* End PBXFrameworksBuildPhase section */

/* Begin PBXGroup section */
		210D47392B9A4B5200A7E314 = {
			isa = PBXGroup;
			children = (
				210D47442B9A4B5200A7E314 /* HotSeat */,
				210D47562B9A4B5500A7E314 /* HotSeatTests */,
				210D47602B9A4B5500A7E314 /* HotSeatUITests */,
				210D47432B9A4B5200A7E314 /* Products */,
			);
			sourceTree = "<group>";
		};
		210D47432B9A4B5200A7E314 /* Products */ = {
			isa = PBXGroup;
			children = (
				210D47422B9A4B5200A7E314 /* HotSeat.app */,
				210D47532B9A4B5500A7E314 /* HotSeatTests.xctest */,
				210D475D2B9A4B5500A7E314 /* HotSeatUITests.xctest */,
			);
			name = Products;
			sourceTree = "<group>";
		};
		210D47442B9A4B5200A7E314 /* HotSeat */ = {
			isa = PBXGroup;
			children = (
				210D47452B9A4B5200A7E314 /* HotSeatApp.swift */,
				210D47472B9A4B5200A7E314 /* ContentView.swift */,
				210D47492B9A4B5400A7E314 /* Assets.xcassets */,
				210D474B2B9A4B5400A7E314 /* HotSeat.entitlements */,
				210D474C2B9A4B5400A7E314 /* Preview Content */,
			);
			path = HotSeat;
			sourceTree = "<group>";
		};
		210D474C2B9A4B5400A7E314 /* Preview Content */ = {
			isa = PBXGroup;
			children = (
				210D474D2B9A4B5400A7E314 /* Preview Assets.xcassets */,
			);
			path = "Preview Content";
			sourceTree = "<group>";
		};
		210D47562B9A4B5500A7E314 /* HotSeatTests */ = {
			isa = PBXGroup;
			children = (
				210D47572B9A4B5500A7E314 /* HotSeatTests.swift */,
			);
			path = HotSeatTests;
			sourceTree = "<group>";
		};
		210D47602B9A4B5500A7E314 /* HotSeatUITests */ = {
			isa = PBXGroup;
			children = (
				210D47612B9A4B5500A7E314 /* HotSeatUITests.swift */,
				210D47632B9A4B5500A7E314 /* HotSeatUITestsLaunchTests.swift */,
			);
			path = HotSeatUITests;
			sourceTree = "<group>";
		};
/* End PBXGroup section */

/* Begin PBXNativeTarget section */
		210D47412B9A4B5200A7E314 /* HotSeat */ = {
			isa = PBXNativeTarget;
			buildConfigurationList = 210D47672B9A4B5500A7E314 /* Build configuration list for PBXNativeTarget "HotSeat" */;
			buildPhases = (
				210D473E2B9A4B5200A7E314 /* Sources */,
				210D473F2B9A4B5200A7E314 /* Frameworks */,
				210D47402B9A4B5200A7E314 /* Resources */,
			);
			buildRules = (
			);
			dependencies = (
			);
			name = HotSeat;
			productName = HotSeat;
			productReference = 210D47422B9A4B5200A7E314 /* HotSeat.app */;
			productType = "com.apple.product-type.application";
		};
		210D47522B9A4B5500A7E314 /* HotSeatTests */ = {
			isa = PBXNativeTarget;
			buildConfigurationList = 210D476A2B9A4B5500A7E314 /* Build configuration list for PBXNativeTarget "HotSeatTests" */;
			buildPhases = (
				210D474F2B9A4B5500A7E314 /* Sources */,
				210D47502B9A4B5500A7E314 /* Frameworks */,
				210D47512B9A4B5500A7E314 /* Resources */,
			);
			buildRules = (
			);
			dependencies = (
				210D47552B9A4B5500A7E314 /* PBXTargetDependency */,
			);
			name = HotSeatTests;
			productName = HotSeatTests;
			productReference = 210D47532B9A4B5500A7E314 /* HotSeatTests.xctest */;
			productType = "com.apple.product-type.bundle.unit-test";
		};
		210D475C2B9A4B5500A7E314 /* HotSeatUITests */ = {
			isa = PBXNativeTarget;
			buildConfigurationList = 210D476D2B9A4B5500A7E314 /* Build configuration list for PBXNativeTarget "HotSeatUITests" */;
			buildPhases = (
				210D47592B9A4B5500A7E314 /* Sources */,
				210D475A2B9A4B5500A7E314 /* Frameworks */,
				210D475B2B9A4B5500A7E314 /* Resources */,
			);
			buildRules = (
			);
			dependencies = (
				210D475F2B9A4B5500A7E314 /* PBXTargetDependency */,
			);
			name = HotSeatUITests;
			productName = HotSeatUITests;
			productReference = 210D475D2B9A4B5500A7E314 /* HotSeatUITests.xctest */;
			productType = "com.apple.product-type.bundle.ui-testing";
		};
/* End PBXNativeTarget section */

/* Begin PBXProject section */
		210D473A2B9A4B5200A7E314 /* Project object */ = {
			isa = PBXProject;
			attributes = {
				BuildIndependentTargetsInParallel = 1;
				LastSwiftUpdateCheck = 1500;
				LastUpgradeCheck = 1500;
				TargetAttributes = {
					210D47412B9A4B5200A7E314 = {
						CreatedOnToolsVersion = 15.0.1;
					};
					210D47522B9A4B5500A7E314 = {
						CreatedOnToolsVersion = 15.0.1;
						TestTargetID = 210D47412B9A4B5200A7E314;
					};
					210D475C2B9A4B5500A7E314 = {
						CreatedOnToolsVersion = 15.0.1;
						TestTargetID = 210D47412B9A4B5200A7E314;
					};
				};
			};
			buildConfigurationList = 210D473D2B9A4B5200A7E314 /* Build configuration list for PBXProject "HotSeat" */;
			compatibilityVersion = "Xcode 14.0";
			developmentRegion = en;
			hasScannedForEncodings = 0;
			knownRegions = (
				en,
				Base,
			);
			mainGroup = 210D47392B9A4B5200A7E314;
			productRefGroup = 210D47432B9A4B5200A7E314 /* Products */;
			projectDirPath = "";
			projectRoot = "";
			targets = (
				210D47412B9A4B5200A7E314 /* HotSeat */,
				210D47522B9A4B5500A7E314 /* HotSeatTests */,
				210D475C2B9A4B5500A7E314 /* HotSeatUITests */,
			);
		};
/* End PBXProject section */

/* Begin PBXResourcesBuildPhase section */
		210D47402B9A4B5200A7E314 /* Resources */ = {
			isa = PBXResourcesBuildPhase;
			buildActionMask = 2147483647;
			files = (
				210D474E2B9A4B5400A7E314 /* Preview Assets.xcassets in Resources */,
				210D474A2B9A4B5400A7E314 /* Assets.xcassets in Resources */,
			);
			runOnlyForDeploymentPostprocessing = 0;
		};
		210D47512B9A4B5500A7E314 /* Resources */ = {
			isa = PBXResourcesBuildPhase;
			buildActionMask = 2147483647;
			files = (
			);
			runOnlyForDeploymentPostprocessing = 0;
		};
		210D475B2B9A4B5500A7E314 /* Resources */ = {
			isa = PBXResourcesBuildPhase;
			buildActionMask = 2147483647;
			files = (
			);
			runOnlyForDeploymentPostprocessing = 0;
		};
/* End PBXResourcesBuildPhase section */

/* Begin PBXSourcesBuildPhase section */
		210D473E2B9A4B5200A7E314 /* Sources */ = {
			isa = PBXSourcesBuildPhase;
			buildActionMask = 2147483647;
			files = (
				210D47482B9A4B5200A7E314 /* ContentView.swift in Sources */,
				210D47462B9A4B5200A7E314 /* HotSeatApp.swift in Sources */,
			);
			runOnlyForDeploymentPostprocessing = 0;
		};
		210D474F2B9A4B5500A7E314 /* Sources */ = {
			isa = PBXSourcesBuildPhase;
			buildActionMask = 2147483647;
			files = (
				210D47582B9A4B5500A7E314 /* HotSeatTests.swift in Sources */,
			);
			runOnlyForDeploymentPostprocessing = 0;
		};
		210D47592B9A4B5500A7E314 /* Sources */ = {
			isa = PBXSourcesBuildPhase;
			buildActionMask = 2147483647;
			files = (
				210D47622B9A4B5500A7E314 /* HotSeatUITests.swift in Sources */,
				210D47642B9A4B5500A7E314 /* HotSeatUITestsLaunchTests.swift in Sources */,
			);
			runOnlyForDeploymentPostprocessing = 0;
		};
/* End PBXSourcesBuildPhase section */

/* Begin PBXTargetDependency section */
		210D47552B9A4B5500A7E314 /* PBXTargetDependency */ = {
			isa = PBXTargetDependency;
			target = 210D47412B9A4B5200A7E314 /* HotSeat */;
			targetProxy = 210D47542B9A4B5500A7E314 /* PBXContainerItemProxy */;
		};
		210D475F2B9A4B5500A7E314 /* PBXTargetDependency */ = {
			isa = PBXTargetDependency;
			target = 210D47412B9A4B5200A7E314 /* HotSeat */;
			targetProxy = 210D475E2B9A4B5500A7E314 /* PBXContainerItemProxy */;
		};
/* End PBXTargetDependency section */

/* Begin XCBuildConfiguration section */
		210D47652B9A4B5500A7E314 /* Debug */ = {
			isa = XCBuildConfiguration;
			buildSettings = {
				ALWAYS_SEARCH_USER_PATHS = NO;
				ASSETCATALOG_COMPILER_GENERATE_SWIFT_ASSET_SYMBOL_EXTENSIONS = YES;
				CLANG_ANALYZER_NONNULL = YES;
				CLANG_ANALYZER_NUMBER_OBJECT_CONVERSION = YES_AGGRESSIVE;
				CLANG_CXX_LANGUAGE_STANDARD = "gnu++20";
				CLANG_ENABLE_MODULES = YES;
				CLANG_ENABLE_OBJC_ARC = YES;
				CLANG_ENABLE_OBJC_WEAK = YES;
				CLANG_WARN_BLOCK_CAPTURE_AUTORELEASING = YES;
				CLANG_WARN_BOOL_CONVERSION = YES;
				CLANG_WARN_COMMA = YES;
				CLANG_WARN_CONSTANT_CONVERSION = YES;
				CLANG_WARN_DEPRECATED_OBJC_IMPLEMENTATIONS = YES;
				CLANG_WARN_DIRECT_OBJC_ISA_USAGE = YES_ERROR;
				CLANG_WARN_DOCUMENTATION_COMMENTS = YES;
				CLANG_WARN_EMPTY_BODY = YES;
				CLANG_WARN_ENUM_CONVERSION = YES;
				CLANG_WARN_INFINITE_RECURSION = YES;
				CLANG_WARN_INT_CONVERSION = YES;
				CLANG_WARN_NON_LITERAL_NULL_CONVERSION = YES;
				CLANG_WARN_OBJC_IMPLICIT_RETAIN_SELF = YES;
				CLANG_WARN_OBJC_LITERAL_CONVERSION = YES;
				CLANG_WARN_OBJC_ROOT_CLASS = YES_ERROR;
				CLANG_WARN_QUOTED_INCLUDE_IN_FRAMEWORK_HEADER = YES;
				CLANG_WARN_RANGE_LOOP_ANALYSIS = YES;
				CLANG_WARN_STRICT_PROTOTYPES = YES;
				CLANG_WARN_SUSPICIOUS_MOVE = YES;
				CLANG_WARN_UNGUARDED_AVAILABILITY = YES_AGGRESSIVE;
				CLANG_WARN_UNREACHABLE_CODE = YES;
				CLANG_WARN__DUPLICATE_METHOD_MATCH = YES;
				COPY_PHASE_STRIP = NO;
				DEBUG_INFORMATION_FORMAT = dwarf;
				ENABLE_STRICT_OBJC_MSGSEND = YES;
				ENABLE_TESTABILITY = YES;
				ENABLE_USER_SCRIPT_SANDBOXING = YES;
				GCC_C_LANGUAGE_STANDARD = gnu17;
				GCC_DYNAMIC_NO_PIC = NO;
				GCC_NO_COMMON_BLOCKS = YES;
				GCC_OPTIMIZATION_LEVEL = 0;
				GCC_PREPROCESSOR_DEFINITIONS = (
					"DEBUG=1",
					"$(inherited)",
				);
				GCC_WARN_64_TO_32_BIT_CONVERSION = YES;
				GCC_WARN_ABOUT_RETURN_TYPE = YES_ERROR;
				GCC_WARN_UNDECLARED_SELECTOR = YES;
				GCC_WARN_UNINITIALIZED_AUTOS = YES_AGGRESSIVE;
				GCC_WARN_UNUSED_FUNCTION = YES;
				GCC_WARN_UNUSED_VARIABLE = YES;
				LOCALIZATION_PREFERS_STRING_CATALOGS = YES;
				MTL_ENABLE_DEBUG_INFO = INCLUDE_SOURCE;
				MTL_FAST_MATH = YES;
				ONLY_ACTIVE_ARCH = YES;
				SWIFT_ACTIVE_COMPILATION_CONDITIONS = "DEBUG $(inherited)";
				SWIFT_OPTIMIZATION_LEVEL = "-Onone";
			};
			name = Debug;
		};
		210D47662B9A4B5500A7E314 /* Release */ = {
			isa = XCBuildConfiguration;
			buildSettings = {
				ALWAYS_SEARCH_USER_PATHS = NO;
				ASSETCATALOG_COMPILER_GENERATE_SWIFT_ASSET_SYMBOL_EXTENSIONS = YES;
				CLANG_ANALYZER_NONNULL = YES;
				CLANG_ANALYZER_NUMBER_OBJECT_CONVERSION = YES_AGGRESSIVE;
				CLANG_CXX_LANGUAGE_STANDARD = "gnu++20";
				CLANG_ENABLE_MODULES = YES;
				CLANG_ENABLE_OBJC_ARC = YES;
				CLANG_ENABLE_OBJC_WEAK = YES;
				CLANG_WARN_BLOCK_CAPTURE_AUTORELEASING = YES;
				CLANG_WARN_BOOL_CONVERSION = YES;
				CLANG_WARN_COMMA = YES;
				CLANG_WARN_CONSTANT_CONVERSION = YES;
				CLANG_WARN_DEPRECATED_OBJC_IMPLEMENTATIONS = YES;
				CLANG_WARN_DIRECT_OBJC_ISA_USAGE = YES_ERROR;
				CLANG_WARN_DOCUMENTATION_COMMENTS = YES;
				CLANG_WARN_EMPTY_BODY = YES;
				CLANG_WARN_ENUM_CONVERSION = YES;
				CLANG_WARN_INFINITE_RECURSION = YES;
				CLANG_WARN_INT_CONVERSION = YES;
				CLANG_WARN_NON_LITERAL_NULL_CONVERSION = YES;
				CLANG_WARN_OBJC_IMPLICIT_RETAIN_SELF = YES;
				CLANG_WARN_OBJC_LITERAL_CONVERSION = YES;
				CLANG_WARN_OBJC_ROOT_CLASS = YES_ERROR;
				CLANG_WARN_QUOTED_INCLUDE_IN_FRAMEWORK_HEADER = YES;
				CLANG_WARN_RANGE_LOOP_ANALYSIS = YES;
				CLANG_WARN_STRICT_PROTOTYPES = YES;
				CLANG_WARN_SUSPICIOUS_MOVE = YES;
				CLANG_WARN_UNGUARDED_AVAILABILITY = YES_AGGRESSIVE;
				CLANG_WARN_UNREACHABLE_CODE = YES;
				CLANG_WARN__DUPLICATE_METHOD_MATCH = YES;
				COPY_PHASE_STRIP = NO;
				DEBUG_INFORMATION_FORMAT = "dwarf-with-dsym";
				ENABLE_NS_ASSERTIONS = NO;
				ENABLE_STRICT_OBJC_MSGSEND = YES;
				ENABLE_USER_SCRIPT_SANDBOXING = YES;
				GCC_C_LANGUAGE_STANDARD = gnu17;
				GCC_NO_COMMON_BLOCKS = YES;
				GCC_WARN_64_TO_32_BIT_CONVERSION = YES;
				GCC_WARN_ABOUT_RETURN_TYPE = YES_ERROR;
				GCC_WARN_UNDECLARED_SELECTOR = YES;
				GCC_WARN_UNINITIALIZED_AUTOS = YES_AGGRESSIVE;
				GCC_WARN_UNUSED_FUNCTION = YES;
				GCC_WARN_UNUSED_VARIABLE = YES;
				LOCALIZATION_PREFERS_STRING_CATALOGS = YES;
				MTL_ENABLE_DEBUG_INFO = NO;
				MTL_FAST_MATH = YES;
				SWIFT_COMPILATION_MODE = wholemodule;
			};
			name = Release;
		};
		210D47682B9A4B5500A7E314 /* Debug */ = {
			isa = XCBuildConfiguration;
			buildSettings = {
				ASSETCATALOG_COMPILER_APPICON_NAME = AppIcon;
				ASSETCATALOG_COMPILER_GLOBAL_ACCENT_COLOR_NAME = AccentColor;
				CODE_SIGN_ENTITLEMENTS = HotSeat/HotSeat.entitlements;
				CODE_SIGN_STYLE = Automatic;
				CURRENT_PROJECT_VERSION = 1;
				DEVELOPMENT_ASSET_PATHS = "\"HotSeat/Preview Content\"";
				DEVELOPMENT_TEAM = V66T46872F;
				ENABLE_HARDENED_RUNTIME = YES;
				ENABLE_PREVIEWS = YES;
				GENERATE_INFOPLIST_FILE = YES;
				"INFOPLIST_KEY_UIApplicationSceneManifest_Generation[sdk=iphoneos*]" = YES;
				"INFOPLIST_KEY_UIApplicationSceneManifest_Generation[sdk=iphonesimulator*]" = YES;
				"INFOPLIST_KEY_UIApplicationSupportsIndirectInputEvents[sdk=iphoneos*]" = YES;
				"INFOPLIST_KEY_UIApplicationSupportsIndirectInputEvents[sdk=iphonesimulator*]" = YES;
				"INFOPLIST_KEY_UILaunchScreen_Generation[sdk=iphoneos*]" = YES;
				"INFOPLIST_KEY_UILaunchScreen_Generation[sdk=iphonesimulator*]" = YES;
				"INFOPLIST_KEY_UIStatusBarStyle[sdk=iphoneos*]" = UIStatusBarStyleDefault;
				"INFOPLIST_KEY_UIStatusBarStyle[sdk=iphonesimulator*]" = UIStatusBarStyleDefault;
				INFOPLIST_KEY_UISupportedInterfaceOrientations_iPad = "UIInterfaceOrientationPortrait UIInterfaceOrientationPortraitUpsideDown UIInterfaceOrientationLandscapeLeft UIInterfaceOrientationLandscapeRight";
				INFOPLIST_KEY_UISupportedInterfaceOrientations_iPhone = "UIInterfaceOrientationPortrait UIInterfaceOrientationLandscapeLeft UIInterfaceOrientationLandscapeRight";
				IPHONEOS_DEPLOYMENT_TARGET = 17.0;
				LD_RUNPATH_SEARCH_PATHS = "@executable_path/Frameworks";
				"LD_RUNPATH_SEARCH_PATHS[sdk=macosx*]" = "@executable_path/../Frameworks";
				MACOSX_DEPLOYMENT_TARGET = 14.0;
				MARKETING_VERSION = 1.0;
				PRODUCT_BUNDLE_IDENTIFIER = owenkao.HotSeat;
				PRODUCT_NAME = "$(TARGET_NAME)";
				SDKROOT = auto;
				SUPPORTED_PLATFORMS = "iphoneos iphonesimulator macosx";
				SWIFT_EMIT_LOC_STRINGS = YES;
				SWIFT_VERSION = 5.0;
				TARGETED_DEVICE_FAMILY = "1,2";
			};
			name = Debug;
		};
		210D47692B9A4B5500A7E314 /* Release */ = {
			isa = XCBuildConfiguration;
			buildSettings = {
				ASSETCATALOG_COMPILER_APPICON_NAME = AppIcon;
				ASSETCATALOG_COMPILER_GLOBAL_ACCENT_COLOR_NAME = AccentColor;
				CODE_SIGN_ENTITLEMENTS = HotSeat/HotSeat.entitlements;
				CODE_SIGN_STYLE = Automatic;
				CURRENT_PROJECT_VERSION = 1;
				DEVELOPMENT_ASSET_PATHS = "\"HotSeat/Preview Content\"";
				DEVELOPMENT_TEAM = V66T46872F;
				ENABLE_HARDENED_RUNTIME = YES;
				ENABLE_PREVIEWS = YES;
				GENERATE_INFOPLIST_FILE = YES;
				"INFOPLIST_KEY_UIApplicationSceneManifest_Generation[sdk=iphoneos*]" = YES;
				"INFOPLIST_KEY_UIApplicationSceneManifest_Generation[sdk=iphonesimulator*]" = YES;
				"INFOPLIST_KEY_UIApplicationSupportsIndirectInputEvents[sdk=iphoneos*]" = YES;
				"INFOPLIST_KEY_UIApplicationSupportsIndirectInputEvents[sdk=iphonesimulator*]" = YES;
				"INFOPLIST_KEY_UILaunchScreen_Generation[sdk=iphoneos*]" = YES;
				"INFOPLIST_KEY_UILaunchScreen_Generation[sdk=iphonesimulator*]" = YES;
				"INFOPLIST_KEY_UIStatusBarStyle[sdk=iphoneos*]" = UIStatusBarStyleDefault;
				"INFOPLIST_KEY_UIStatusBarStyle[sdk=iphonesimulator*]" = UIStatusBarStyleDefault;
				INFOPLIST_KEY_UISupportedInterfaceOrientations_iPad = "UIInterfaceOrientationPortrait UIInterfaceOrientationPortraitUpsideDown UIInterfaceOrientationLandscapeLeft UIInterfaceOrientationLandscapeRight";
				INFOPLIST_KEY_UISupportedInterfaceOrientations_iPhone = "UIInterfaceOrientationPortrait UIInterfaceOrientationLandscapeLeft UIInterfaceOrientationLandscapeRight";
				IPHONEOS_DEPLOYMENT_TARGET = 17.0;
				LD_RUNPATH_SEARCH_PATHS = "@executable_path/Frameworks";
				"LD_RUNPATH_SEARCH_PATHS[sdk=macosx*]" = "@executable_path/../Frameworks";
				MACOSX_DEPLOYMENT_TARGET = 14.0;
				MARKETING_VERSION = 1.0;
				PRODUCT_BUNDLE_IDENTIFIER = owenkao.HotSeat;
				PRODUCT_NAME = "$(TARGET_NAME)";
				SDKROOT = auto;
				SUPPORTED_PLATFORMS = "iphoneos iphonesimulator macosx";
				SWIFT_EMIT_LOC_STRINGS = YES;
				SWIFT_VERSION = 5.0;
				TARGETED_DEVICE_FAMILY = "1,2";
			};
			name = Release;
		};
		210D476B2B9A4B5500A7E314 /* Debug */ = {
			isa = XCBuildConfiguration;
			buildSettings = {
				ALWAYS_EMBED_SWIFT_STANDARD_LIBRARIES = YES;
				BUNDLE_LOADER = "$(TEST_HOST)";
				CODE_SIGN_STYLE = Automatic;
				CURRENT_PROJECT_VERSION = 1;
				DEVELOPMENT_TEAM = V66T46872F;
				GENERATE_INFOPLIST_FILE = YES;
				IPHONEOS_DEPLOYMENT_TARGET = 17.0;
				MACOSX_DEPLOYMENT_TARGET = 14.0;
				MARKETING_VERSION = 1.0;
				PRODUCT_BUNDLE_IDENTIFIER = owenkao.HotSeatTests;
				PRODUCT_NAME = "$(TARGET_NAME)";
				SDKROOT = auto;
				SUPPORTED_PLATFORMS = "iphoneos iphonesimulator macosx";
				SWIFT_EMIT_LOC_STRINGS = NO;
				SWIFT_VERSION = 5.0;
				TARGETED_DEVICE_FAMILY = "1,2";
				TEST_HOST = "$(BUILT_PRODUCTS_DIR)/HotSeat.app/$(BUNDLE_EXECUTABLE_FOLDER_PATH)/HotSeat";
			};
			name = Debug;
		};
		210D476C2B9A4B5500A7E314 /* Release */ = {
			isa = XCBuildConfiguration;
			buildSettings = {
				ALWAYS_EMBED_SWIFT_STANDARD_LIBRARIES = YES;
				BUNDLE_LOADER = "$(TEST_HOST)";
				CODE_SIGN_STYLE = Automatic;
				CURRENT_PROJECT_VERSION = 1;
				DEVELOPMENT_TEAM = V66T46872F;
				GENERATE_INFOPLIST_FILE = YES;
				IPHONEOS_DEPLOYMENT_TARGET = 17.0;
				MACOSX_DEPLOYMENT_TARGET = 14.0;
				MARKETING_VERSION = 1.0;
				PRODUCT_BUNDLE_IDENTIFIER = owenkao.HotSeatTests;
				PRODUCT_NAME = "$(TARGET_NAME)";
				SDKROOT = auto;
				SUPPORTED_PLATFORMS = "iphoneos iphonesimulator macosx";
				SWIFT_EMIT_LOC_STRINGS = NO;
				SWIFT_VERSION = 5.0;
				TARGETED_DEVICE_FAMILY = "1,2";
				TEST_HOST = "$(BUILT_PRODUCTS_DIR)/HotSeat.app/$(BUNDLE_EXECUTABLE_FOLDER_PATH)/HotSeat";
			};
			name = Release;
		};
		210D476E2B9A4B5500A7E314 /* Debug */ = {
			isa = XCBuildConfiguration;
			buildSettings = {
				ALWAYS_EMBED_SWIFT_STANDARD_LIBRARIES = YES;
				CODE_SIGN_STYLE = Automatic;
				CURRENT_PROJECT_VERSION = 1;
				DEVELOPMENT_TEAM = V66T46872F;
				GENERATE_INFOPLIST_FILE = YES;
				IPHONEOS_DEPLOYMENT_TARGET = 17.0;
				MACOSX_DEPLOYMENT_TARGET = 14.0;
				MARKETING_VERSION = 1.0;
				PRODUCT_BUNDLE_IDENTIFIER = owenkao.HotSeatUITests;
				PRODUCT_NAME = "$(TARGET_NAME)";
				SDKROOT = auto;
				SUPPORTED_PLATFORMS = "iphoneos iphonesimulator macosx";
				SWIFT_EMIT_LOC_STRINGS = NO;
				SWIFT_VERSION = 5.0;
				TARGETED_DEVICE_FAMILY = "1,2";
				TEST_TARGET_NAME = HotSeat;
			};
			name = Debug;
		};
		210D476F2B9A4B5500A7E314 /* Release */ = {
			isa = XCBuildConfiguration;
			buildSettings = {
				ALWAYS_EMBED_SWIFT_STANDARD_LIBRARIES = YES;
				CODE_SIGN_STYLE = Automatic;
				CURRENT_PROJECT_VERSION = 1;
				DEVELOPMENT_TEAM = V66T46872F;
				GENERATE_INFOPLIST_FILE = YES;
				IPHONEOS_DEPLOYMENT_TARGET = 17.0;
				MACOSX_DEPLOYMENT_TARGET = 14.0;
				MARKETING_VERSION = 1.0;
				PRODUCT_BUNDLE_IDENTIFIER = owenkao.HotSeatUITests;
				PRODUCT_NAME = "$(TARGET_NAME)";
				SDKROOT = auto;
				SUPPORTED_PLATFORMS = "iphoneos iphonesimulator macosx";
				SWIFT_EMIT_LOC_STRINGS = NO;
				SWIFT_VERSION = 5.0;
				TARGETED_DEVICE_FAMILY = "1,2";
				TEST_TARGET_NAME = HotSeat;
			};
			name = Release;
		};
/* End XCBuildConfiguration section */

/* Begin XCConfigurationList section */
		210D473D2B9A4B5200A7E314 /* Build configuration list for PBXProject "HotSeat" */ = {
			isa = XCConfigurationList;
			buildConfigurations = (
				210D47652B9A4B5500A7E314 /* Debug */,
				210D47662B9A4B5500A7E314 /* Release */,
			);
			defaultConfigurationIsVisible = 0;
			defaultConfigurationName = Release;
		};
		210D47672B9A4B5500A7E314 /* Build configuration list for PBXNativeTarget "HotSeat" */ = {
			isa = XCConfigurationList;
			buildConfigurations = (
				210D47682B9A4B5500A7E314 /* Debug */,
				210D47692B9A4B5500A7E314 /* Release */,
			);
			defaultConfigurationIsVisible = 0;
			defaultConfigurationName = Release;
		};
		210D476A2B9A4B5500A7E314 /* Build configuration list for PBXNativeTarget "HotSeatTests" */ = {
			isa = XCConfigurationList;
			buildConfigurations = (
				210D476B2B9A4B5500A7E314 /* Debug */,
				210D476C2B9A4B5500A7E314 /* Release */,
			);
			defaultConfigurationIsVisible = 0;
			defaultConfigurationName = Release;
		};
		210D476D2B9A4B5500A7E314 /* Build configuration list for PBXNativeTarget "HotSeatUITests" */ = {
			isa = XCConfigurationList;
			buildConfigurations = (
				210D476E2B9A4B5500A7E314 /* Debug */,
				210D476F2B9A4B5500A7E314 /* Release */,
			);
			defaultConfigurationIsVisible = 0;
			defaultConfigurationName = Release;
		};
/* End XCConfigurationList section */
	};
	rootObject = 210D473A2B9A4B5200A7E314 /* Project object */;
}
